
Microsoft Visual Studio Solution File, Format Version 12.00
# Visual Studio Version 16
VisualStudioVersion = 16.0.29403.142
MinimumVisualStudioVersion = 10.0.40219.1
Project("{FAE04EC0-301F-11D3-BF4B-00C04F79EFBC}") = "PraktijkVoorbeeld1", "PraktijkVoorbeeld1.csproj", "{5F516F0D-774D-40CE-BBBF-205E8ED1F041}"
EndProject
Global
	GlobalSection(SolutionConfigurationPlatforms) = preSolution
		Debug|Any CPU = Debug|Any CPU
		Release|Any CPU = Release|Any CPU
	EndGlobalSection
	GlobalSection(ProjectConfigurationPlatforms) = postSolution
		{5F516F0D-774D-40CE-BBBF-205E8ED1F041}.Debug|Any CPU.ActiveCfg = Debug|Any CPU
		{5F516F0D-774D-40CE-BBBF-205E8ED1F041}.Debug|Any CPU.Build.0 = Debug|Any CPU
		{5F516F0D-774D-40CE-BBBF-205E8ED1F041}.Release|Any CPU.ActiveCfg = Release|Any CPU
		{5F516F0D-774D-40CE-BBBF-205E8ED1F041}.Release|Any CPU.Build.0 = Release|Any CPU
	EndGlobalSection
	GlobalSection(SolutionProperties) = preSolution
		HideSolutionNode = FALSE
	EndGlobalSection
	GlobalSection(ExtensibilityGlobals) = postSolution
		SolutionGuid = {FC227D7C-9CFF-44AB-98F5-6B1CAE4281C3}
	EndGlobalSection
EndGlobal
